
Microsoft Visual Studio Solution File, Format Version 12.00
# Visual Studio 15
VisualStudioVersion = 15.0.28010.2048
MinimumVisualStudioVersion = 10.0.40219.1
Project("{FAE04EC0-301F-11D3-BF4B-00C04F79EFBC}") = "Serveis.Esteganografia", "Serveis.Esteganografia\Serveis.Esteganografia.csproj", "{170A8CA7-34BF-4E61-BE93-89C2CB388DC2}"
EndProject
Global
	GlobalSection(SolutionConfigurationPlatforms) = preSolution
		Debug|Any CPU = Debug|Any CPU
		Release|Any CPU = Release|Any CPU
	EndGlobalSection
	GlobalSection(ProjectConfigurationPlatforms) = postSolution
		{170A8CA7-34BF-4E61-BE93-89C2CB388DC2}.Debug|Any CPU.ActiveCfg = Debug|Any CPU
		{170A8CA7-34BF-4E61-BE93-89C2CB388DC2}.Debug|Any CPU.Build.0 = Debug|Any CPU
		{170A8CA7-34BF-4E61-BE93-89C2CB388DC2}.Release|Any CPU.ActiveCfg = Release|Any CPU
		{170A8CA7-34BF-4E61-BE93-89C2CB388DC2}.Release|Any CPU.Build.0 = Release|Any CPU
	EndGlobalSection
	GlobalSection(SolutionProperties) = preSolution
		HideSolutionNode = FALSE
	EndGlobalSection
	GlobalSection(ExtensibilityGlobals) = postSolution
		SolutionGuid = {49EF224F-58FB-47D7-AC26-90A95885C458}
	EndGlobalSection
EndGlobal
