
Microsoft Visual Studio Solution File, Format Version 12.00
# Visual Studio 15
VisualStudioVersion = 15.0.28010.2050
MinimumVisualStudioVersion = 10.0.40219.1
Project("{FAE04EC0-301F-11D3-BF4B-00C04F79EFBC}") = "Serveis.WebService.Consola", "Serveis.WebService.Consola\Serveis.WebService.Consola.csproj", "{1A744C68-BF81-49E5-BDE7-2DD4F4AD1169}"
EndProject
Global
	GlobalSection(SolutionConfigurationPlatforms) = preSolution
		Debug|Any CPU = Debug|Any CPU
		Release|Any CPU = Release|Any CPU
	EndGlobalSection
	GlobalSection(ProjectConfigurationPlatforms) = postSolution
		{1A744C68-BF81-49E5-BDE7-2DD4F4AD1169}.Debug|Any CPU.ActiveCfg = Debug|Any CPU
		{1A744C68-BF81-49E5-BDE7-2DD4F4AD1169}.Debug|Any CPU.Build.0 = Debug|Any CPU
		{1A744C68-BF81-49E5-BDE7-2DD4F4AD1169}.Release|Any CPU.ActiveCfg = Release|Any CPU
		{1A744C68-BF81-49E5-BDE7-2DD4F4AD1169}.Release|Any CPU.Build.0 = Release|Any CPU
	EndGlobalSection
	GlobalSection(SolutionProperties) = preSolution
		HideSolutionNode = FALSE
	EndGlobalSection
	GlobalSection(ExtensibilityGlobals) = postSolution
		SolutionGuid = {3803E6C4-EB86-44A5-8132-BADBDF5D87D8}
	EndGlobalSection
EndGlobal
